{
  "nodes": {
    "hyprland": {
      "inputs": {
        "nixpkgs": [
          "nixpkgs"
        ],
        "wlroots": "wlroots"
      },
      "locked": {
        "lastModified": 1667516144,
        "narHash": "sha256-vqHM8wATrBEk0L/57SSFU379sFbRwqwjMQBx+ef21bw=",
        "owner": "hyprwm",
        "repo": "Hyprland",
        "rev": "349afa0e7a5a8f60404772ae76ab0dc6fe4117ff",
        "type": "github"
      },
      "original": {
        "owner": "hyprwm",
        "repo": "Hyprland",
        "type": "github"
      }
    },
    "nixpkgs": {
      "locked": {
        "lastModified": 1666792786,
        "narHash": "sha256-uG81j5Axyps2IjedvlmRbWhCCUXOAI4wNpH3O0dVG0s=",
        "owner": "nixos",
        "repo": "nixpkgs",
        "rev": "5bdb380ee7fa036d47b19e9d854928f4881c50a1",
        "type": "github"
      },
      "original": {
        "owner": "nixos",
        "ref": "nixos-unstable",
        "repo": "nixpkgs",
        "type": "github"
      }
    },
    "nur": {
      "locked": {
        "lastModified": 1666930765,
        "narHash": "sha256-6gIpoCcyFnq7+0BYiP/wYjwTjTSOI3e9CSjPp2yrtgI=",
        "owner": "nix-community",
        "repo": "NUR",
        "rev": "0e0c749764233237161b51f43e9497da0214c4cd",
        "type": "github"
      },
      "original": {
        "owner": "nix-community",
        "repo": "NUR",
        "type": "github"
      }
    },
    "root": {
      "inputs": {
        "hyprland": "hyprland",
        "nixpkgs": "nixpkgs",
        "nur": "nur"
      }
    },
    "wlroots": {
      "flake": false,
      "locked": {
        "host": "gitlab.freedesktop.org",
        "lastModified": 1666466001,
        "narHash": "sha256-ZjxAnqtcGmHQHKL1Z9sIraDnzIqrJleWcJXfPtzAm74=",
        "owner": "wlroots",
        "repo": "wlroots",
        "rev": "c2d2773df57750081b16d56da13b5015d752cbd7",
        "type": "gitlab"
      },
      "original": {
        "host": "gitlab.freedesktop.org",
        "owner": "wlroots",
        "repo": "wlroots",
        "type": "gitlab"
      }
    }
  },
  "root": "root",
  "version": 7
}
